{
    "hash": "0840b5716d3b70262ef735232c70edc2",
    "packages": [
        {
            "package": "dflydev/markdown",
            "version": "dev-master",
            "alias-pretty-version": "1.0.x-dev",
            "alias-version": "1.0.9999999.9999999-dev"
        },
        {
            "package": "dflydev/markdown",
            "version": "dev-master",
            "source-reference": "11f8faa2d17f717a038b4d372abd22a6ac4a15dc",
            "commit-date": "1342369887"
        },
        {
            "package": "doctrine/common",
            "version": "2.2.2"
        },
        {
            "package": "doctrine/data-fixtures",
            "version": "dev-master",
            "source-reference": "779c3dfe446b6da893be87b908d6be28345d1e01",
            "commit-date": "1341780535"
        },
        {
            "package": "doctrine/dbal",
            "version": "2.2.x-dev",
            "source-reference": "b961a3fce6bf220f1dca47d7d747b9074bea4730",
            "commit-date": "1341779435"
        },
        {
            "package": "doctrine/doctrine-bundle",
            "version": "dev-master",
            "alias-pretty-version": "1.0.x-dev",
            "alias-version": "1.0.9999999.9999999-dev"
        },
        {
            "package": "doctrine/doctrine-bundle",
            "version": "dev-master",
            "source-reference": "ed8d02b491512f947fdb2f8b665dc8fd72b5879c",
            "commit-date": "1343657020"
        },
        {
            "package": "doctrine/doctrine-fixtures-bundle",
            "version": "dev-master",
            "source-reference": "a5103a71bcd9b2f851ca6c16519a077784a3184a",
            "commit-date": "1341472847"
        },
        {
            "package": "doctrine/orm",
            "version": "2.2.x-dev",
            "source-reference": "7d343302a8f886be9cfb2a9c8345a95740dcfde9",
            "commit-date": "1343560954"
        },
        {
            "package": "friendsofsymfony/rest",
            "version": "dev-master",
            "alias-pretty-version": "0.7.x-dev",
            "alias-version": "0.7.9999999.9999999-dev"
        },
        {
            "package": "friendsofsymfony/rest",
            "version": "dev-master",
            "source-reference": "5ea703f5a3f5c7110cadeccb91b212c0eb7ea2d0",
            "commit-date": "1339701893"
        },
        {
            "package": "friendsofsymfony/rest-bundle",
            "version": "dev-master",
            "source-reference": "2e265e6cfa61377d3fa168938e806af365df4400",
            "commit-date": "1343492830"
        },
        {
            "package": "friendsofsymfony/user-bundle",
            "version": "dev-master",
            "source-reference": "2241ae02a68059a050719c789376f6f0d4d02c09",
            "commit-date": "1343814765"
        },
        {
            "package": "gedmo/doctrine-extensions",
            "version": "v2.3.0"
        },
        {
            "package": "jms/aop-bundle",
            "version": "1.0.0"
        },
        {
            "package": "jms/cg",
            "version": "1.0.0"
        },
        {
            "package": "jms/debugging-bundle",
            "version": "dev-master",
            "source-reference": "bf8ae6ac4af78b4e1881c6fb5e60f8202ef99566",
            "commit-date": "1342691862"
        },
        {
            "package": "jms/di-extra-bundle",
            "version": "1.0.1"
        },
        {
            "package": "jms/metadata",
            "version": "1.1.1"
        },
        {
            "package": "jms/security-extra-bundle",
            "version": "1.1.0"
        },
        {
            "package": "jms/serializer-bundle",
            "version": "dev-master",
            "alias-pretty-version": "0.9.x-dev",
            "alias-version": "0.9.9999999.9999999-dev"
        },
        {
            "package": "jms/serializer-bundle",
            "version": "dev-master",
            "source-reference": "1f308a587742246e87e580290f3bae23073d1d70",
            "commit-date": "1343641450"
        },
        {
            "package": "kriswallsmith/assetic",
            "version": "dev-master",
            "alias-pretty-version": "1.1.x-dev",
            "alias-version": "1.1.9999999.9999999-dev"
        },
        {
            "package": "kriswallsmith/assetic",
            "version": "dev-master",
            "source-reference": "11324294acf2dcf6b7f7cb0c4f35fd77e6f01cb7",
            "commit-date": "1343684910"
        },
        {
            "package": "kriswallsmith/buzz",
            "version": "dev-master",
            "source-reference": "2ba5da13b1b03590f0164b3fb61578078d671fcc",
            "commit-date": "1341070218"
        },
        {
            "package": "monolog/monolog",
            "version": "1.1.0"
        },
        {
            "package": "mopa/wsse-authentication-bundle",
            "version": "dev-master",
            "source-reference": "eb9e1f12861fa9dfd009ab927f4ba798e660e899",
            "commit-date": "1338493102"
        },
        {
            "package": "nelmio/api-doc-bundle",
            "version": "dev-master",
            "source-reference": "a64377390251504afe03e3f6e2870eb2e17ecb5e",
            "commit-date": "1343377995"
        },
        {
            "package": "sensio/buzz-bundle",
            "version": "dev-master",
            "source-reference": "0754d7dd155efc4f85de60993571b0b6a5aaccb9",
            "commit-date": "1338188924"
        },
        {
            "package": "sensio/distribution-bundle",
            "version": "dev-master",
            "source-reference": "5886adae1613c0a72fbb95259a83ae798e86c0d3",
            "commit-date": "1342347850"
        },
        {
            "package": "sensio/framework-extra-bundle",
            "version": "dev-master",
            "alias-pretty-version": "2.1.x-dev",
            "alias-version": "2.1.9999999.9999999-dev"
        },
        {
            "package": "sensio/framework-extra-bundle",
            "version": "dev-master",
            "source-reference": "dbe4432742e16ee9ca550a2f953b059f0a80c53d",
            "commit-date": "1343637454"
        },
        {
            "package": "sensio/generator-bundle",
            "version": "dev-master",
            "source-reference": "4436c2e24301123fb413baf3f78cd93bbc016c07",
            "commit-date": "1343291371"
        },
        {
            "package": "stof/doctrine-extensions-bundle",
            "version": "dev-master",
            "source-reference": "f31a0861de08b6594f09430a4cbaf0618e5e11ad",
            "commit-date": "1343029923"
        },
        {
            "package": "swiftmailer/swiftmailer",
            "version": "dev-master",
            "alias-pretty-version": "4.2.x-dev",
            "alias-version": "4.2.9999999.9999999-dev"
        },
        {
            "package": "swiftmailer/swiftmailer",
            "version": "dev-master",
            "source-reference": "8b2aa953f87da228ba413e8fb1372e49c1374050",
            "commit-date": "1342198037"
        },
        {
            "package": "symfony/assetic-bundle",
            "version": "dev-master",
            "source-reference": "0c09207be07b044e06d28a4111f554f071e5b658",
            "commit-date": "1343812720"
        },
        {
            "package": "symfony/monolog-bundle",
            "version": "dev-master",
            "source-reference": "v2.1.0-BETA4",
            "commit-date": "1341078487"
        },
        {
            "package": "symfony/swiftmailer-bundle",
            "version": "dev-master",
            "source-reference": "v2.1.0-BETA4",
            "commit-date": "1342684512"
        },
        {
            "package": "symfony/symfony",
            "version": "dev-master",
            "alias-pretty-version": "2.1.x-dev",
            "alias-version": "2.1.9999999.9999999-dev"
        },
        {
            "package": "symfony/symfony",
            "version": "dev-master",
            "source-reference": "b1618d210cb7e27036edcea9c163a94167e7df59",
            "commit-date": "1343747192"
        },
        {
            "package": "twig/extensions",
            "version": "dev-master",
            "source-reference": "feb6d3f10c411e2631997c0a905aa581c80305c1",
            "commit-date": "1337599699"
        },
        {
            "package": "twig/twig",
            "version": "dev-master",
            "alias-pretty-version": "1.9.x-dev",
            "alias-version": "1.9.9999999.9999999-dev"
        },
        {
            "package": "twig/twig",
            "version": "dev-master",
            "source-reference": "51c866f415bbee670cd9ba13591307bce8dabdca",
            "commit-date": "1343464333"
        }
    ],
    "packages-dev": null,
    "aliases": [

    ],
    "minimum-stability": "dev",
    "stability-flags": {
        "doctrine/doctrine-bundle": 20,
        "twig/extensions": 20,
        "symfony/assetic-bundle": 20,
        "symfony/swiftmailer-bundle": 20,
        "symfony/monolog-bundle": 20,
        "sensio/distribution-bundle": 20,
        "sensio/framework-extra-bundle": 20,
        "sensio/generator-bundle": 20,
        "stof/doctrine-extensions-bundle": 20,
        "doctrine/doctrine-fixtures-bundle": 20,
        "jms/serializer-bundle": 20,
        "jms/debugging-bundle": 20,
        "friendsofsymfony/user-bundle": 20,
        "friendsofsymfony/rest-bundle": 20,
        "nelmio/api-doc-bundle": 20,
        "sensio/buzz-bundle": 20,
        "mopa/wsse-authentication-bundle": 20
    }
}
